
Microsoft Visual Studio Solution File, Format Version 12.00
# Visual Studio Version 17
VisualStudioVersion = 17.14.37411.7 d17.14
MinimumVisualStudioVersion = 10.0.40219.1
Project("{FAE04EC0-301F-11D3-BF4B-00C04F79EFBC}") = "MiniSupermarket.API", "MiniSupermarket.API.csproj", "{2E29D55B-D3CD-4CD0-8B83-2AA34FA0C4C9}"
EndProject
Project("{FAE04EC0-301F-11D3-BF4B-00C04F79EFBC}") = "MiniSupermarket.WinForms", "..\MiniSupermarket.WinForms\MiniSupermarket.WinForms.csproj", "{D38A8E82-C0C3-4CEA-B6E1-497CF789BA77}"
EndProject
Global
	GlobalSection(SolutionConfigurationPlatforms) = preSolution
		Debug|Any CPU = Debug|Any CPU
		Release|Any CPU = Release|Any CPU
	EndGlobalSection
	GlobalSection(ProjectConfigurationPlatforms) = postSolution
		{2E29D55B-D3CD-4CD0-8B83-2AA34FA0C4C9}.Debug|Any CPU.ActiveCfg = Debug|Any CPU
		{2E29D55B-D3CD-4CD0-8B83-2AA34FA0C4C9}.Debug|Any CPU.Build.0 = Debug|Any CPU
		{2E29D55B-D3CD-4CD0-8B83-2AA34FA0C4C9}.Release|Any CPU.ActiveCfg = Release|Any CPU
		{2E29D55B-D3CD-4CD0-8B83-2AA34FA0C4C9}.Release|Any CPU.Build.0 = Release|Any CPU
		{D38A8E82-C0C3-4CEA-B6E1-497CF789BA77}.Debug|Any CPU.ActiveCfg = Debug|Any CPU
		{D38A8E82-C0C3-4CEA-B6E1-497CF789BA77}.Debug|Any CPU.Build.0 = Debug|Any CPU
		{D38A8E82-C0C3-4CEA-B6E1-497CF789BA77}.Release|Any CPU.ActiveCfg = Release|Any CPU
		{D38A8E82-C0C3-4CEA-B6E1-497CF789BA77}.Release|Any CPU.Build.0 = Release|Any CPU
	EndGlobalSection
	GlobalSection(SolutionProperties) = preSolution
		HideSolutionNode = FALSE
	EndGlobalSection
	GlobalSection(ExtensibilityGlobals) = postSolution
		SolutionGuid = {E2FF3764-A5B9-4318-98C5-09A7C45AF0AD}
	EndGlobalSection
EndGlobal
